
Microsoft Visual Studio Solution File, Format Version 12.00
# Visual Studio Version 16
VisualStudioVersion = 16.0.30204.135
MinimumVisualStudioVersion = 10.0.40219.1
Project("{FAE04EC0-301F-11D3-BF4B-00C04F79EFBC}") = "ProformaLive", "ProformaLive\ProformaLive.csproj", "{10F1BCAA-8692-4FAD-92E3-161AACB79882}"
EndProject
Global
	GlobalSection(SolutionConfigurationPlatforms) = preSolution
		Debug|Any CPU = Debug|Any CPU
		Release|Any CPU = Release|Any CPU
	EndGlobalSection
	GlobalSection(ProjectConfigurationPlatforms) = postSolution
		{10F1BCAA-8692-4FAD-92E3-161AACB79882}.Debug|Any CPU.ActiveCfg = Debug|Any CPU
		{10F1BCAA-8692-4FAD-92E3-161AACB79882}.Debug|Any CPU.Build.0 = Debug|Any CPU
		{10F1BCAA-8692-4FAD-92E3-161AACB79882}.Release|Any CPU.ActiveCfg = Release|Any CPU
		{10F1BCAA-8692-4FAD-92E3-161AACB79882}.Release|Any CPU.Build.0 = Release|Any CPU
	EndGlobalSection
	GlobalSection(SolutionProperties) = preSolution
		HideSolutionNode = FALSE
	EndGlobalSection
	GlobalSection(ExtensibilityGlobals) = postSolution
		SolutionGuid = {24A2D485-6CE1-4C25-BA35-E4C1DC46B774}
	EndGlobalSection
EndGlobal
